
Microsoft Visual Studio Solution File, Format Version 12.00
# Visual Studio Version 16
VisualStudioVersion = 16.0.29509.3
MinimumVisualStudioVersion = 10.0.40219.1
Project("{FAE04EC0-301F-11D3-BF4B-00C04F79EFBC}") = "MyApp2", "MyApp2\MyApp2.csproj", "{D79EA986-030E-4119-8C99-337BB6823C9D}"
EndProject
Global
	GlobalSection(SolutionConfigurationPlatforms) = preSolution
		Debug|Any CPU = Debug|Any CPU
		Release|Any CPU = Release|Any CPU
	EndGlobalSection
	GlobalSection(ProjectConfigurationPlatforms) = postSolution
		{D79EA986-030E-4119-8C99-337BB6823C9D}.Debug|Any CPU.ActiveCfg = Debug|x86
		{D79EA986-030E-4119-8C99-337BB6823C9D}.Debug|Any CPU.Build.0 = Debug|x86
		{D79EA986-030E-4119-8C99-337BB6823C9D}.Release|Any CPU.ActiveCfg = Release|Any CPU
		{D79EA986-030E-4119-8C99-337BB6823C9D}.Release|Any CPU.Build.0 = Release|Any CPU
	EndGlobalSection
	GlobalSection(SolutionProperties) = preSolution
		HideSolutionNode = FALSE
	EndGlobalSection
	GlobalSection(ExtensibilityGlobals) = postSolution
		SolutionGuid = {12CCEE7D-FCA4-4FCC-983C-CACD9E9D4783}
	EndGlobalSection
EndGlobal
